
Microsoft Visual Studio Solution File, Format Version 12.00
# Visual Studio Express 2012 for Windows Desktop
Project("{FAE04EC0-301F-11D3-BF4B-00C04F79EFBC}") = "AcceptanceTests", "AcceptanceTests\AcceptanceTests.csproj", "{75C63068-4029-4F05-A9F5-C945AD7583D8}"
EndProject
Project("{FAE04EC0-301F-11D3-BF4B-00C04F79EFBC}") = "CqrsFramework", "CqrsFramework\CqrsFramework.csproj", "{D4E82E0E-CA2D-469B-A01F-4E919BBC2795}"
EndProject
Project("{FAE04EC0-301F-11D3-BF4B-00C04F79EFBC}") = "CqrsFramework.Tests", "CqrsFramework.Tests\CqrsFramework.Tests.csproj", "{63AA80ED-D445-4397-8FA2-77102E840889}"
EndProject
Project("{FAE04EC0-301F-11D3-BF4B-00C04F79EFBC}") = "Vydejna.Runner", "Vydejna.Runner\Vydejna.Runner.csproj", "{C305C185-5191-4FD1-BCC1-4519120AB08A}"
EndProject
Project("{FAE04EC0-301F-11D3-BF4B-00C04F79EFBC}") = "Vydejna.Tests", "Vydejna.Tests\Vydejna.Tests.csproj", "{EA10FEAB-7ECF-4F76-93F8-64E0AD3E8699}"
EndProject
Global
	GlobalSection(SolutionConfigurationPlatforms) = preSolution
		Debug|Any CPU = Debug|Any CPU
		Release|Any CPU = Release|Any CPU
	EndGlobalSection
	GlobalSection(ProjectConfigurationPlatforms) = postSolution
		{75C63068-4029-4F05-A9F5-C945AD7583D8}.Debug|Any CPU.ActiveCfg = Debug|Any CPU
		{75C63068-4029-4F05-A9F5-C945AD7583D8}.Debug|Any CPU.Build.0 = Debug|Any CPU
		{75C63068-4029-4F05-A9F5-C945AD7583D8}.Release|Any CPU.ActiveCfg = Release|Any CPU
		{75C63068-4029-4F05-A9F5-C945AD7583D8}.Release|Any CPU.Build.0 = Release|Any CPU
		{D4E82E0E-CA2D-469B-A01F-4E919BBC2795}.Debug|Any CPU.ActiveCfg = Debug|Any CPU
		{D4E82E0E-CA2D-469B-A01F-4E919BBC2795}.Debug|Any CPU.Build.0 = Debug|Any CPU
		{D4E82E0E-CA2D-469B-A01F-4E919BBC2795}.Release|Any CPU.ActiveCfg = Release|Any CPU
		{D4E82E0E-CA2D-469B-A01F-4E919BBC2795}.Release|Any CPU.Build.0 = Release|Any CPU
		{63AA80ED-D445-4397-8FA2-77102E840889}.Debug|Any CPU.ActiveCfg = Debug|Any CPU
		{63AA80ED-D445-4397-8FA2-77102E840889}.Debug|Any CPU.Build.0 = Debug|Any CPU
		{63AA80ED-D445-4397-8FA2-77102E840889}.Release|Any CPU.ActiveCfg = Release|Any CPU
		{63AA80ED-D445-4397-8FA2-77102E840889}.Release|Any CPU.Build.0 = Release|Any CPU
		{C305C185-5191-4FD1-BCC1-4519120AB08A}.Debug|Any CPU.ActiveCfg = Debug|Any CPU
		{C305C185-5191-4FD1-BCC1-4519120AB08A}.Debug|Any CPU.Build.0 = Debug|Any CPU
		{C305C185-5191-4FD1-BCC1-4519120AB08A}.Release|Any CPU.ActiveCfg = Release|Any CPU
		{C305C185-5191-4FD1-BCC1-4519120AB08A}.Release|Any CPU.Build.0 = Release|Any CPU
		{EA10FEAB-7ECF-4F76-93F8-64E0AD3E8699}.Debug|Any CPU.ActiveCfg = Debug|Any CPU
		{EA10FEAB-7ECF-4F76-93F8-64E0AD3E8699}.Debug|Any CPU.Build.0 = Debug|Any CPU
		{EA10FEAB-7ECF-4F76-93F8-64E0AD3E8699}.Release|Any CPU.ActiveCfg = Release|Any CPU
		{EA10FEAB-7ECF-4F76-93F8-64E0AD3E8699}.Release|Any CPU.Build.0 = Release|Any CPU
	EndGlobalSection
	GlobalSection(SolutionProperties) = preSolution
		HideSolutionNode = FALSE
	EndGlobalSection
EndGlobal
